
Microsoft Visual Studio Solution File, Format Version 12.00
# Visual Studio Version 16
VisualStudioVersion = 16.0.31019.35
MinimumVisualStudioVersion = 10.0.40219.1
Project("{FAE04EC0-301F-11D3-BF4B-00C04F79EFBC}") = "2021-03-04-Du", "2021-03-04-Du\2021-03-04-Du.csproj", "{B0BD85F7-797B-47A8-995C-576BA8C61116}"
EndProject
Global
	GlobalSection(SolutionConfigurationPlatforms) = preSolution
		Debug|Any CPU = Debug|Any CPU
		Release|Any CPU = Release|Any CPU
	EndGlobalSection
	GlobalSection(ProjectConfigurationPlatforms) = postSolution
		{B0BD85F7-797B-47A8-995C-576BA8C61116}.Debug|Any CPU.ActiveCfg = Debug|Any CPU
		{B0BD85F7-797B-47A8-995C-576BA8C61116}.Debug|Any CPU.Build.0 = Debug|Any CPU
		{B0BD85F7-797B-47A8-995C-576BA8C61116}.Release|Any CPU.ActiveCfg = Release|Any CPU
		{B0BD85F7-797B-47A8-995C-576BA8C61116}.Release|Any CPU.Build.0 = Release|Any CPU
	EndGlobalSection
	GlobalSection(SolutionProperties) = preSolution
		HideSolutionNode = FALSE
	EndGlobalSection
	GlobalSection(ExtensibilityGlobals) = postSolution
		SolutionGuid = {0170C74B-5A72-4A60-8008-1C13027BCF46}
	EndGlobalSection
EndGlobal
